PODS:
  - IQKeyboardManagerSwift (6.5.11)
  - RxCocoa (6.5.0):
    - RxRelay (= 6.5.0)
    - RxSwift (= 6.5.0)
  - RxRelay (6.5.0):
    - RxSwift (= 6.5.0)
  - RxSwift (6.5.0)
  - SVProgressHUD (2.2.5)

DEPENDENCIES:
  - IQKeyboardManagerSwift
  - RxCocoa
  - RxSwift
  - SVProgressHUD

SPEC REPOS:
  trunk:
    - IQKeyboardManagerSwift
    - RxCocoa
    - RxRelay
    - RxSwift
    - SVProgressHUD

SPEC CHECKSUMS:
  IQKeyboardManagerSwift: c7955c0bdbf7b2eb29bb7daaa44e3d90f55a9a85
  RxCocoa: 94f817b71c07517321eb4f9ad299112ca8af743b
  RxRelay: 1de1523e604c72b6c68feadedd1af3b1b4d0ecbd
  RxSwift: 5710a9e6b17f3c3d6e40d6e559b9fa1e813b2ef8
  SVProgressHUD: 1428aafac632c1f86f62aa4243ec12008d7a51d6

PODFILE CHECKSUM: bdd292e5912acdbce5405cd9e3eebd77fd4bef27

COCOAPODS: 1.11.3
