// !$*UTF8*$!
{
	archiveVersion = 1;
	classes = {
	};
	objectVersion = 56;
	objects = {

/* Begin PBXBuildFile section */
		4BD4BB6429A5A96100A1373F /* AppDelegate.swift in Sources */ = {isa = PBXBuildFile; fileRef = 4BD4BB6329A5A96100A1373F /* AppDelegate.swift */; };
		4BD4BB6629A5A96100A1373F /* SceneDelegate.swift in Sources */ = {isa = PBXBuildFile; fileRef = 4BD4BB6529A5A96100A1373F /* SceneDelegate.swift */; };
		4BD4BB6B29A5A96100A1373F /* Main.storyboard in Resources */ = {isa = PBXBuildFile; fileRef = 4BD4BB6929A5A96100A1373F /* Main.storyboard */; };
		4BD4BB6D29A5A96200A1373F /* Assets.xcassets in Resources */ = {isa = PBXBuildFile; fileRef = 4BD4BB6C29A5A96200A1373F /* Assets.xcassets */; };
		4BD4BB7029A5A96200A1373F /* LaunchScreen.storyboard in Resources */ = {isa = PBXBuildFile; fileRef = 4BD4BB6E29A5A96200A1373F /* LaunchScreen.storyboard */; };
		4BD4BB7B29A5ABB000A1373F /* Endpoint.swift in Sources */ = {isa = PBXBuildFile; fileRef = 4BD4BB7A29A5ABB000A1373F /* Endpoint.swift */; };
		4BD4BB7D29A5ABCF00A1373F /* NetworkError.swift in Sources */ = {isa = PBXBuildFile; fileRef = 4BD4BB7C29A5ABCF00A1373F /* NetworkError.swift */; };
		4BD4BB7F29A5ABE300A1373F /* NetworkLogger.swift in Sources */ = {isa = PBXBuildFile; fileRef = 4BD4BB7E29A5ABE300A1373F /* NetworkLogger.swift */; };
		4BD4BB8229A5AC0600A1373F /* ApplicationEndpoint.swift in Sources */ = {isa = PBXBuildFile; fileRef = 4BD4BB8129A5AC0600A1373F /* ApplicationEndpoint.swift */; };
		4BD4BB8429A5AC1900A1373F /* Response.swift in Sources */ = {isa = PBXBuildFile; fileRef = 4BD4BB8329A5AC1900A1373F /* Response.swift */; };
		4BD4BB8629A5AC3A00A1373F /* NetworkService.swift in Sources */ = {isa = PBXBuildFile; fileRef = 4BD4BB8529A5AC3A00A1373F /* NetworkService.swift */; };
		4BD4BB8929A5AC7800A1373F /* Enums.swift in Sources */ = {isa = PBXBuildFile; fileRef = 4BD4BB8829A5AC7800A1373F /* Enums.swift */; };
		4BD4BB8B29A5AC8C00A1373F /* SharedObjects.swift in Sources */ = {isa = PBXBuildFile; fileRef = 4BD4BB8A29A5AC8C00A1373F /* SharedObjects.swift */; };
		4BD4BB9D29A5AE7900A1373F /* NavigationController.swift in Sources */ = {isa = PBXBuildFile; fileRef = 4BD4BB9C29A5AE7900A1373F /* NavigationController.swift */; };
		4BD4BBA329A5AFE300A1373F /* HomeRouter.swift in Sources */ = {isa = PBXBuildFile; fileRef = 4BD4BBA229A5AFE300A1373F /* HomeRouter.swift */; };
		4BD4BBA529A5B04500A1373F /* Users.swift in Sources */ = {isa = PBXBuildFile; fileRef = 4BD4BBA429A5B04500A1373F /* Users.swift */; };
		4BD4BBA729A5B0BC00A1373F /* HomeProtocols.swift in Sources */ = {isa = PBXBuildFile; fileRef = 4BD4BBA629A5B0BC00A1373F /* HomeProtocols.swift */; };
		4BD4BBA929A5B14700A1373F /* HomeIntractor.swift in Sources */ = {isa = PBXBuildFile; fileRef = 4BD4BBA829A5B14700A1373F /* HomeIntractor.swift */; };
		4BD4BBAB29A5B1D500A1373F /* HomePresenter.swift in Sources */ = {isa = PBXBuildFile; fileRef = 4BD4BBAA29A5B1D500A1373F /* HomePresenter.swift */; };
		4BD4BBB329A5B64E00A1373F /* ClassExtensions.swift in Sources */ = {isa = PBXBuildFile; fileRef = 4BD4BBB229A5B64E00A1373F /* ClassExtensions.swift */; };
		4BD4BBB529A5B66B00A1373F /* HelperFunctions.swift in Sources */ = {isa = PBXBuildFile; fileRef = 4BD4BBB429A5B66B00A1373F /* HelperFunctions.swift */; };
		4BD4BBF129A6089400A1373F /* ParentTableViewController.swift in Sources */ = {isa = PBXBuildFile; fileRef = 4BD4BBF029A6089400A1373F /* ParentTableViewController.swift */; };
		4BD4BBF429A6092600A1373F /* ParentTableViewCell.swift in Sources */ = {isa = PBXBuildFile; fileRef = 4BD4BBF229A6092600A1373F /* ParentTableViewCell.swift */; };
		4BD4BBF529A6092600A1373F /* ParentTableViewCell.xib in Resources */ = {isa = PBXBuildFile; fileRef = 4BD4BBF329A6092600A1373F /* ParentTableViewCell.xib */; };
		4BD4BBF929A61FFF00A1373F /* UsersBody.swift in Sources */ = {isa = PBXBuildFile; fileRef = 4BD4BBF829A61FFF00A1373F /* UsersBody.swift */; };
		CBCD23127CBCE48777BF0D72 /* Pods_Organization.framework in Frameworks */ = {isa = PBXBuildFile; fileRef = 5A186B984157A8A14A8A6582 /* Pods_Organization.framework */; };
/* End PBXBuildFile section */

/* Begin PBXFileReference section */
		0DC8ED837EF7E64698F5C4A7 /* Pods-Organization.release.xcconfig */ = {isa = PBXFileReference; includeInIndex = 1; lastKnownFileType = text.xcconfig; name = "Pods-Organization.release.xcconfig"; path = "Target Support Files/Pods-Organization/Pods-Organization.release.xcconfig"; sourceTree = "<group>"; };
		31B79360CAA03FF3FAED1915 /* Pods-Organization.debug.xcconfig */ = {isa = PBXFileReference; includeInIndex = 1; lastKnownFileType = text.xcconfig; name = "Pods-Organization.debug.xcconfig"; path = "Target Support Files/Pods-Organization/Pods-Organization.debug.xcconfig"; sourceTree = "<group>"; };
		4BD4BB6029A5A96100A1373F /* Organization.app */ = {isa = PBXFileReference; explicitFileType = wrapper.application; includeInIndex = 0; path = Organization.app; sourceTree = BUILT_PRODUCTS_DIR; };
		4BD4BB6329A5A96100A1373F /* AppDelegate.swift */ = {isa = PBXFileReference; lastKnownFileType = sourcecode.swift; path = AppDelegate.swift; sourceTree = "<group>"; };
		4BD4BB6529A5A96100A1373F /* SceneDelegate.swift */ = {isa = PBXFileReference; lastKnownFileType = sourcecode.swift; path = SceneDelegate.swift; sourceTree = "<group>"; };
		4BD4BB6A29A5A96100A1373F /* Base */ = {isa = PBXFileReference; lastKnownFileType = file.storyboard; name = Base; path = Base.lproj/Main.storyboard; sourceTree = "<group>"; };
		4BD4BB6C29A5A96200A1373F /* Assets.xcassets */ = {isa = PBXFileReference; lastKnownFileType = folder.assetcatalog; path = Assets.xcassets; sourceTree = "<group>"; };
		4BD4BB6F29A5A96200A1373F /* Base */ = {isa = PBXFileReference; lastKnownFileType = file.storyboard; name = Base; path = Base.lproj/LaunchScreen.storyboard; sourceTree = "<group>"; };
		4BD4BB7129A5A96200A1373F /* Info.plist */ = {isa = PBXFileReference; lastKnownFileType = text.plist.xml; path = Info.plist; sourceTree = "<group>"; };
		4BD4BB7A29A5ABB000A1373F /* Endpoint.swift */ = {isa = PBXFileReference; lastKnownFileType = sourcecode.swift; path = Endpoint.swift; sourceTree = "<group>"; };
		4BD4BB7C29A5ABCF00A1373F /* NetworkError.swift */ = {isa = PBXFileReference; lastKnownFileType = sourcecode.swift; path = NetworkError.swift; sourceTree = "<group>"; };
		4BD4BB7E29A5ABE300A1373F /* NetworkLogger.swift */ = {isa = PBXFileReference; lastKnownFileType = sourcecode.swift; path = NetworkLogger.swift; sourceTree = "<group>"; };
		4BD4BB8129A5AC0600A1373F /* ApplicationEndpoint.swift */ = {isa = PBXFileReference; lastKnownFileType = sourcecode.swift; path = ApplicationEndpoint.swift; sourceTree = "<group>"; };
		4BD4BB8329A5AC1900A1373F /* Response.swift */ = {isa = PBXFileReference; lastKnownFileType = sourcecode.swift; path = Response.swift; sourceTree = "<group>"; };
		4BD4BB8529A5AC3A00A1373F /* NetworkService.swift */ = {isa = PBXFileReference; lastKnownFileType = sourcecode.swift; path = NetworkService.swift; sourceTree = "<group>"; };
		4BD4BB8829A5AC7800A1373F /* Enums.swift */ = {isa = PBXFileReference; lastKnownFileType = sourcecode.swift; path = Enums.swift; sourceTree = "<group>"; };
		4BD4BB8A29A5AC8C00A1373F /* SharedObjects.swift */ = {isa = PBXFileReference; lastKnownFileType = sourcecode.swift; path = SharedObjects.swift; sourceTree = "<group>"; };
		4BD4BB9C29A5AE7900A1373F /* NavigationController.swift */ = {isa = PBXFileReference; lastKnownFileType = sourcecode.swift; path = NavigationController.swift; sourceTree = "<group>"; };
		4BD4BBA229A5AFE300A1373F /* HomeRouter.swift */ = {isa = PBXFileReference; lastKnownFileType = sourcecode.swift; path = HomeRouter.swift; sourceTree = "<group>"; };
		4BD4BBA429A5B04500A1373F /* Users.swift */ = {isa = PBXFileReference; lastKnownFileType = sourcecode.swift; path = Users.swift; sourceTree = "<group>"; };
		4BD4BBA629A5B0BC00A1373F /* HomeProtocols.swift */ = {isa = PBXFileReference; lastKnownFileType = sourcecode.swift; path = HomeProtocols.swift; sourceTree = "<group>"; };
		4BD4BBA829A5B14700A1373F /* HomeIntractor.swift */ = {isa = PBXFileReference; lastKnownFileType = sourcecode.swift; path = HomeIntractor.swift; sourceTree = "<group>"; };
		4BD4BBAA29A5B1D500A1373F /* HomePresenter.swift */ = {isa = PBXFileReference; lastKnownFileType = sourcecode.swift; path = HomePresenter.swift; sourceTree = "<group>"; };
		4BD4BBB229A5B64E00A1373F /* ClassExtensions.swift */ = {isa = PBXFileReference; lastKnownFileType = sourcecode.swift; path = ClassExtensions.swift; sourceTree = "<group>"; };
		4BD4BBB429A5B66B00A1373F /* HelperFunctions.swift */ = {isa = PBXFileReference; lastKnownFileType = sourcecode.swift; path = HelperFunctions.swift; sourceTree = "<group>"; };
		4BD4BBF029A6089400A1373F /* ParentTableViewController.swift */ = {isa = PBXFileReference; lastKnownFileType = sourcecode.swift; path = ParentTableViewController.swift; sourceTree = "<group>"; };
		4BD4BBF229A6092600A1373F /* ParentTableViewCell.swift */ = {isa = PBXFileReference; fileEncoding = 4; lastKnownFileType = sourcecode.swift; path = ParentTableViewCell.swift; sourceTree = "<group>"; };
		4BD4BBF329A6092600A1373F /* ParentTableViewCell.xib */ = {isa = PBXFileReference; fileEncoding = 4; lastKnownFileType = file.xib; path = ParentTableViewCell.xib; sourceTree = "<group>"; };
		4BD4BBF829A61FFF00A1373F /* UsersBody.swift */ = {isa = PBXFileReference; lastKnownFileType = sourcecode.swift; path = UsersBody.swift; sourceTree = "<group>"; };
		5A186B984157A8A14A8A6582 /* Pods_Organization.framework */ = {isa = PBXFileReference; explicitFileType = wrapper.framework; includeInIndex = 0; path = Pods_Organization.framework; sourceTree = BUILT_PRODUCTS_DIR; };
/* End PBXFileReference section */

/* Begin PBXFrameworksBuildPhase section */
		4BD4BB5D29A5A96100A1373F /* Frameworks */ = {
			isa = PBXFrameworksBuildPhase;
			buildActionMask = 2147483647;
			files = (
				CBCD23127CBCE48777BF0D72 /* Pods_Organization.framework in Frameworks */,
			);
			runOnlyForDeploymentPostprocessing = 0;
		};
/* End PBXFrameworksBuildPhase section */

/* Begin PBXGroup section */
		30415F84F2D708E6B867A5F2 /* Frameworks */ = {
			isa = PBXGroup;
			children = (
				5A186B984157A8A14A8A6582 /* Pods_Organization.framework */,
			);
			name = Frameworks;
			sourceTree = "<group>";
		};
		4BD4BB5729A5A96100A1373F = {
			isa = PBXGroup;
			children = (
				4BD4BB6229A5A96100A1373F /* Organization */,
				4BD4BB6129A5A96100A1373F /* Products */,
				BFBEB9EE207E443A68845379 /* Pods */,
				30415F84F2D708E6B867A5F2 /* Frameworks */,
			);
			sourceTree = "<group>";
		};
		4BD4BB6129A5A96100A1373F /* Products */ = {
			isa = PBXGroup;
			children = (
				4BD4BB6029A5A96100A1373F /* Organization.app */,
			);
			name = Products;
			sourceTree = "<group>";
		};
		4BD4BB6229A5A96100A1373F /* Organization */ = {
			isa = PBXGroup;
			children = (
				4BD4BB7129A5A96200A1373F /* Info.plist */,
				4BD4BB8E29A5AD1F00A1373F /* app-settings */,
				4BD4BB9329A5AD9300A1373F /* app-modules */,
				4BD4BB8D29A5AD0200A1373F /* app-icons */,
				4BD4BB8C29A5ACD700A1373F /* app-ui */,
				4BD4BB7729A5AB8F00A1373F /* app-utils */,
			);
			path = Organization;
			sourceTree = "<group>";
		};
		4BD4BB7729A5AB8F00A1373F /* app-utils */ = {
			isa = PBXGroup;
			children = (
				4BD4BB7829A5AB9B00A1373F /* network-utils */,
			);
			path = "app-utils";
			sourceTree = "<group>";
		};
		4BD4BB7829A5AB9B00A1373F /* network-utils */ = {
			isa = PBXGroup;
			children = (
				4BD4BBB129A5B62700A1373F /* ui-utils */,
				4BD4BB8729A5AC5D00A1373F /* constant-utils */,
				4BD4BB8029A5ABF200A1373F /* networking-domain */,
				4BD4BB7929A5ABA500A1373F /* networking */,
				4BD4BB8529A5AC3A00A1373F /* NetworkService.swift */,
			);
			path = "network-utils";
			sourceTree = "<group>";
		};
		4BD4BB7929A5ABA500A1373F /* networking */ = {
			isa = PBXGroup;
			children = (
				4BD4BB7A29A5ABB000A1373F /* Endpoint.swift */,
				4BD4BB7C29A5ABCF00A1373F /* NetworkError.swift */,
				4BD4BB7E29A5ABE300A1373F /* NetworkLogger.swift */,
			);
			path = networking;
			sourceTree = "<group>";
		};
		4BD4BB8029A5ABF200A1373F /* networking-domain */ = {
			isa = PBXGroup;
			children = (
				4BD4BB8129A5AC0600A1373F /* ApplicationEndpoint.swift */,
				4BD4BB8329A5AC1900A1373F /* Response.swift */,
			);
			path = "networking-domain";
			sourceTree = "<group>";
		};
		4BD4BB8729A5AC5D00A1373F /* constant-utils */ = {
			isa = PBXGroup;
			children = (
				4BD4BB8829A5AC7800A1373F /* Enums.swift */,
				4BD4BB8A29A5AC8C00A1373F /* SharedObjects.swift */,
			);
			path = "constant-utils";
			sourceTree = "<group>";
		};
		4BD4BB8C29A5ACD700A1373F /* app-ui */ = {
			isa = PBXGroup;
			children = (
				4BD4BB9229A5AD6E00A1373F /* components */,
				4BD4BB6929A5A96100A1373F /* Main.storyboard */,
				4BD4BB6E29A5A96200A1373F /* LaunchScreen.storyboard */,
			);
			path = "app-ui";
			sourceTree = "<group>";
		};
		4BD4BB8D29A5AD0200A1373F /* app-icons */ = {
			isa = PBXGroup;
			children = (
				4BD4BB6C29A5A96200A1373F /* Assets.xcassets */,
			);
			path = "app-icons";
			sourceTree = "<group>";
		};
		4BD4BB8E29A5AD1F00A1373F /* app-settings */ = {
			isa = PBXGroup;
			children = (
				4BD4BB6329A5A96100A1373F /* AppDelegate.swift */,
				4BD4BB6529A5A96100A1373F /* SceneDelegate.swift */,
			);
			path = "app-settings";
			sourceTree = "<group>";
		};
		4BD4BB8F29A5AD4000A1373F /* NavigationController */ = {
			isa = PBXGroup;
			children = (
				4BD4BB9C29A5AE7900A1373F /* NavigationController.swift */,
			);
			path = NavigationController;
			sourceTree = "<group>";
		};
		4BD4BB9229A5AD6E00A1373F /* components */ = {
			isa = PBXGroup;
			children = (
				4BD4BB8F29A5AD4000A1373F /* NavigationController */,
			);
			path = components;
			sourceTree = "<group>";
		};
		4BD4BB9329A5AD9300A1373F /* app-modules */ = {
			isa = PBXGroup;
			children = (
				4BD4BBFA29A650D600A1373F /* detail-module */,
				4BD4BB9429A5ADAD00A1373F /* home-module */,
			);
			path = "app-modules";
			sourceTree = "<group>";
		};
		4BD4BB9429A5ADAD00A1373F /* home-module */ = {
			isa = PBXGroup;
			children = (
				4BD4BB9A29A5AE1600A1373F /* views */,
				4BD4BB9729A5ADEC00A1373F /* interactors */,
				4BD4BB9629A5ADE500A1373F /* presenters */,
				4BD4BB9B29A5AE1C00A1373F /* protocols */,
				4BD4BB9829A5AE0200A1373F /* entities */,
				4BD4BB9929A5AE0A00A1373F /* routers */,
			);
			path = "home-module";
			sourceTree = "<group>";
		};
		4BD4BB9629A5ADE500A1373F /* presenters */ = {
			isa = PBXGroup;
			children = (
				4BD4BBAA29A5B1D500A1373F /* HomePresenter.swift */,
			);
			path = presenters;
			sourceTree = "<group>";
		};
		4BD4BB9729A5ADEC00A1373F /* interactors */ = {
			isa = PBXGroup;
			children = (
				4BD4BBA829A5B14700A1373F /* HomeIntractor.swift */,
			);
			path = interactors;
			sourceTree = "<group>";
		};
		4BD4BB9829A5AE0200A1373F /* entities */ = {
			isa = PBXGroup;
			children = (
				4BD4BBF729A61FF400A1373F /* domain */,
				4BD4BBF629A61FE100A1373F /* response */,
			);
			path = entities;
			sourceTree = "<group>";
		};
		4BD4BB9929A5AE0A00A1373F /* routers */ = {
			isa = PBXGroup;
			children = (
				4BD4BBA229A5AFE300A1373F /* HomeRouter.swift */,
			);
			path = routers;
			sourceTree = "<group>";
		};
		4BD4BB9A29A5AE1600A1373F /* views */ = {
			isa = PBXGroup;
			children = (
				4BD4BBAC29A5B3B000A1373F /* components */,
				4BD4BBF029A6089400A1373F /* ParentTableViewController.swift */,
			);
			path = views;
			sourceTree = "<group>";
		};
		4BD4BB9B29A5AE1C00A1373F /* protocols */ = {
			isa = PBXGroup;
			children = (
				4BD4BBA629A5B0BC00A1373F /* HomeProtocols.swift */,
			);
			path = protocols;
			sourceTree = "<group>";
		};
		4BD4BBAC29A5B3B000A1373F /* components */ = {
			isa = PBXGroup;
			children = (
				4BD4BBF229A6092600A1373F /* ParentTableViewCell.swift */,
				4BD4BBF329A6092600A1373F /* ParentTableViewCell.xib */,
			);
			path = components;
			sourceTree = "<group>";
		};
		4BD4BBB129A5B62700A1373F /* ui-utils */ = {
			isa = PBXGroup;
			children = (
				4BD4BBB229A5B64E00A1373F /* ClassExtensions.swift */,
				4BD4BBB429A5B66B00A1373F /* HelperFunctions.swift */,
			);
			path = "ui-utils";
			sourceTree = "<group>";
		};
		4BD4BBF629A61FE100A1373F /* response */ = {
			isa = PBXGroup;
			children = (
				4BD4BBA429A5B04500A1373F /* Users.swift */,
			);
			path = response;
			sourceTree = "<group>";
		};
		4BD4BBF729A61FF400A1373F /* domain */ = {
			isa = PBXGroup;
			children = (
				4BD4BBF829A61FFF00A1373F /* UsersBody.swift */,
			);
			path = domain;
			sourceTree = "<group>";
		};
		4BD4BBFA29A650D600A1373F /* detail-module */ = {
			isa = PBXGroup;
			children = (
				4BD4BBFB29A650E000A1373F /* views */,
				4BD4BC0029A6514C00A1373F /* interactors */,
				4BD4BBFF29A6512A00A1373F /* presenters */,
				4BD4BBFC29A650E600A1373F /* protocols */,
				4BD4BBFD29A6511B00A1373F /* entities */,
				4BD4BBFE29A6512400A1373F /* routers */,
			);
			path = "detail-module";
			sourceTree = "<group>";
		};
		4BD4BBFB29A650E000A1373F /* views */ = {
			isa = PBXGroup;
			children = (
			);
			path = views;
			sourceTree = "<group>";
		};
		4BD4BBFC29A650E600A1373F /* protocols */ = {
			isa = PBXGroup;
			children = (
			);
			path = protocols;
			sourceTree = "<group>";
		};
		4BD4BBFD29A6511B00A1373F /* entities */ = {
			isa = PBXGroup;
			children = (
			);
			path = entities;
			sourceTree = "<group>";
		};
		4BD4BBFE29A6512400A1373F /* routers */ = {
			isa = PBXGroup;
			children = (
			);
			path = routers;
			sourceTree = "<group>";
		};
		4BD4BBFF29A6512A00A1373F /* presenters */ = {
			isa = PBXGroup;
			children = (
			);
			path = presenters;
			sourceTree = "<group>";
		};
		4BD4BC0029A6514C00A1373F /* interactors */ = {
			isa = PBXGroup;
			children = (
			);
			path = interactors;
			sourceTree = "<group>";
		};
		BFBEB9EE207E443A68845379 /* Pods */ = {
			isa = PBXGroup;
			children = (
				31B79360CAA03FF3FAED1915 /* Pods-Organization.debug.xcconfig */,
				0DC8ED837EF7E64698F5C4A7 /* Pods-Organization.release.xcconfig */,
			);
			path = Pods;
			sourceTree = "<group>";
		};
/* End PBXGroup section */

/* Begin PBXNativeTarget section */
		4BD4BB5F29A5A96100A1373F /* Organization */ = {
			isa = PBXNativeTarget;
			buildConfigurationList = 4BD4BB7429A5A96200A1373F /* Build configuration list for PBXNativeTarget "Organization" */;
			buildPhases = (
				1526F0CC7990E66945DAC9E1 /* [CP] Check Pods Manifest.lock */,
				4BD4BB5C29A5A96100A1373F /* Sources */,
				4BD4BB5D29A5A96100A1373F /* Frameworks */,
				4BD4BB5E29A5A96100A1373F /* Resources */,
				51AD8FDAF22FE50CC29E7CB4 /* [CP] Embed Pods Frameworks */,
			);
			buildRules = (
			);
			dependencies = (
			);
			name = Organization;
			productName = Organization;
			productReference = 4BD4BB6029A5A96100A1373F /* Organization.app */;
			productType = "com.apple.product-type.application";
		};
/* End PBXNativeTarget section */

/* Begin PBXProject section */
		4BD4BB5829A5A96100A1373F /* Project object */ = {
			isa = PBXProject;
			attributes = {
				BuildIndependentTargetsInParallel = 1;
				LastSwiftUpdateCheck = 1420;
				LastUpgradeCheck = 1420;
				TargetAttributes = {
					4BD4BB5F29A5A96100A1373F = {
						CreatedOnToolsVersion = 14.2;
					};
				};
			};
			buildConfigurationList = 4BD4BB5B29A5A96100A1373F /* Build configuration list for PBXProject "Organization" */;
			compatibilityVersion = "Xcode 14.0";
			developmentRegion = en;
			hasScannedForEncodings = 0;
			knownRegions = (
				en,
				Base,
			);
			mainGroup = 4BD4BB5729A5A96100A1373F;
			productRefGroup = 4BD4BB6129A5A96100A1373F /* Products */;
			projectDirPath = "";
			projectRoot = "";
			targets = (
				4BD4BB5F29A5A96100A1373F /* Organization */,
			);
		};
/* End PBXProject section */

/* Begin PBXResourcesBuildPhase section */
		4BD4BB5E29A5A96100A1373F /* Resources */ = {
			isa = PBXResourcesBuildPhase;
			buildActionMask = 2147483647;
			files = (
				4BD4BB7029A5A96200A1373F /* LaunchScreen.storyboard in Resources */,
				4BD4BB6D29A5A96200A1373F /* Assets.xcassets in Resources */,
				4BD4BB6B29A5A96100A1373F /* Main.storyboard in Resources */,
				4BD4BBF529A6092600A1373F /* ParentTableViewCell.xib in Resources */,
			);
			runOnlyForDeploymentPostprocessing = 0;
		};
/* End PBXResourcesBuildPhase section */

/* Begin PBXShellScriptBuildPhase section */
		1526F0CC7990E66945DAC9E1 /* [CP] Check Pods Manifest.lock */ = {
			isa = PBXShellScriptBuildPhase;
			buildActionMask = 2147483647;
			files = (
			);
			inputFileListPaths = (
			);
			inputPaths = (
				"${PODS_PODFILE_DIR_PATH}/Podfile.lock",
				"${PODS_ROOT}/Manifest.lock",
			);
			name = "[CP] Check Pods Manifest.lock";
			outputFileListPaths = (
			);
			outputPaths = (
				"$(DERIVED_FILE_DIR)/Pods-Organization-checkManifestLockResult.txt",
			);
			runOnlyForDeploymentPostprocessing = 0;
			shellPath = /bin/sh;
			shellScript = "diff \"${PODS_PODFILE_DIR_PATH}/Podfile.lock\" \"${PODS_ROOT}/Manifest.lock\" > /dev/null\nif [ $? != 0 ] ; then\n    # print error to STDERR\n    echo \"error: The sandbox is not in sync with the Podfile.lock. Run 'pod install' or update your CocoaPods installation.\" >&2\n    exit 1\nfi\n# This output is used by Xcode 'outputs' to avoid re-running this script phase.\necho \"SUCCESS\" > \"${SCRIPT_OUTPUT_FILE_0}\"\n";
			showEnvVarsInLog = 0;
		};
		51AD8FDAF22FE50CC29E7CB4 /* [CP] Embed Pods Frameworks */ = {
			isa = PBXShellScriptBuildPhase;
			buildActionMask = 2147483647;
			files = (
			);
			inputFileListPaths = (
				"${PODS_ROOT}/Target Support Files/Pods-Organization/Pods-Organization-frameworks-${CONFIGURATION}-input-files.xcfilelist",
			);
			name = "[CP] Embed Pods Frameworks";
			outputFileListPaths = (
				"${PODS_ROOT}/Target Support Files/Pods-Organization/Pods-Organization-frameworks-${CONFIGURATION}-output-files.xcfilelist",
			);
			runOnlyForDeploymentPostprocessing = 0;
			shellPath = /bin/sh;
			shellScript = "\"${PODS_ROOT}/Target Support Files/Pods-Organization/Pods-Organization-frameworks.sh\"\n";
			showEnvVarsInLog = 0;
		};
/* End PBXShellScriptBuildPhase section */

/* Begin PBXSourcesBuildPhase section */
		4BD4BB5C29A5A96100A1373F /* Sources */ = {
			isa = PBXSourcesBuildPhase;
			buildActionMask = 2147483647;
			files = (
				4BD4BB8429A5AC1900A1373F /* Response.swift in Sources */,
				4BD4BBA729A5B0BC00A1373F /* HomeProtocols.swift in Sources */,
				4BD4BB9D29A5AE7900A1373F /* NavigationController.swift in Sources */,
				4BD4BB7F29A5ABE300A1373F /* NetworkLogger.swift in Sources */,
				4BD4BB8929A5AC7800A1373F /* Enums.swift in Sources */,
				4BD4BBB529A5B66B00A1373F /* HelperFunctions.swift in Sources */,
				4BD4BB6429A5A96100A1373F /* AppDelegate.swift in Sources */,
				4BD4BB8B29A5AC8C00A1373F /* SharedObjects.swift in Sources */,
				4BD4BBA529A5B04500A1373F /* Users.swift in Sources */,
				4BD4BBA329A5AFE300A1373F /* HomeRouter.swift in Sources */,
				4BD4BB8629A5AC3A00A1373F /* NetworkService.swift in Sources */,
				4BD4BB7B29A5ABB000A1373F /* Endpoint.swift in Sources */,
				4BD4BBAB29A5B1D500A1373F /* HomePresenter.swift in Sources */,
				4BD4BBF929A61FFF00A1373F /* UsersBody.swift in Sources */,
				4BD4BBF129A6089400A1373F /* ParentTableViewController.swift in Sources */,
				4BD4BB8229A5AC0600A1373F /* ApplicationEndpoint.swift in Sources */,
				4BD4BB6629A5A96100A1373F /* SceneDelegate.swift in Sources */,
				4BD4BBB329A5B64E00A1373F /* ClassExtensions.swift in Sources */,
				4BD4BBA929A5B14700A1373F /* HomeIntractor.swift in Sources */,
				4BD4BBF429A6092600A1373F /* ParentTableViewCell.swift in Sources */,
				4BD4BB7D29A5ABCF00A1373F /* NetworkError.swift in Sources */,
			);
			runOnlyForDeploymentPostprocessing = 0;
		};
/* End PBXSourcesBuildPhase section */

/* Begin PBXVariantGroup section */
		4BD4BB6929A5A96100A1373F /* Main.storyboard */ = {
			isa = PBXVariantGroup;
			children = (
				4BD4BB6A29A5A96100A1373F /* Base */,
			);
			name = Main.storyboard;
			sourceTree = "<group>";
		};
		4BD4BB6E29A5A96200A1373F /* LaunchScreen.storyboard */ = {
			isa = PBXVariantGroup;
			children = (
				4BD4BB6F29A5A96200A1373F /* Base */,
			);
			name = LaunchScreen.storyboard;
			sourceTree = "<group>";
		};
/* End PBXVariantGroup section */

/* Begin XCBuildConfiguration section */
		4BD4BB7229A5A96200A1373F /* Debug */ = {
			isa = XCBuildConfiguration;
			buildSettings = {
				ALWAYS_SEARCH_USER_PATHS = NO;
				CLANG_ANALYZER_NONNULL = YES;
				CLANG_ANALYZER_NUMBER_OBJECT_CONVERSION = YES_AGGRESSIVE;
				CLANG_CXX_LANGUAGE_STANDARD = "gnu++20";
				CLANG_ENABLE_MODULES = YES;
				CLANG_ENABLE_OBJC_ARC = YES;
				CLANG_ENABLE_OBJC_WEAK = YES;
				CLANG_WARN_BLOCK_CAPTURE_AUTORELEASING = YES;
				CLANG_WARN_BOOL_CONVERSION = YES;
				CLANG_WARN_COMMA = YES;
				CLANG_WARN_CONSTANT_CONVERSION = YES;
				CLANG_WARN_DEPRECATED_OBJC_IMPLEMENTATIONS = YES;
				CLANG_WARN_DIRECT_OBJC_ISA_USAGE = YES_ERROR;
				CLANG_WARN_DOCUMENTATION_COMMENTS = YES;
				CLANG_WARN_EMPTY_BODY = YES;
				CLANG_WARN_ENUM_CONVERSION = YES;
				CLANG_WARN_INFINITE_RECURSION = YES;
				CLANG_WARN_INT_CONVERSION = YES;
				CLANG_WARN_NON_LITERAL_NULL_CONVERSION = YES;
				CLANG_WARN_OBJC_IMPLICIT_RETAIN_SELF = YES;
				CLANG_WARN_OBJC_LITERAL_CONVERSION = YES;
				CLANG_WARN_OBJC_ROOT_CLASS = YES_ERROR;
				CLANG_WARN_QUOTED_INCLUDE_IN_FRAMEWORK_HEADER = YES;
				CLANG_WARN_RANGE_LOOP_ANALYSIS = YES;
				CLANG_WARN_STRICT_PROTOTYPES = YES;
				CLANG_WARN_SUSPICIOUS_MOVE = YES;
				CLANG_WARN_UNGUARDED_AVAILABILITY = YES_AGGRESSIVE;
				CLANG_WARN_UNREACHABLE_CODE = YES;
				CLANG_WARN__DUPLICATE_METHOD_MATCH = YES;
				COPY_PHASE_STRIP = NO;
				DEBUG_INFORMATION_FORMAT = dwarf;
				ENABLE_STRICT_OBJC_MSGSEND = YES;
				ENABLE_TESTABILITY = YES;
				GCC_C_LANGUAGE_STANDARD = gnu11;
				GCC_DYNAMIC_NO_PIC = NO;
				GCC_NO_COMMON_BLOCKS = YES;
				GCC_OPTIMIZATION_LEVEL = 0;
				GCC_PREPROCESSOR_DEFINITIONS = (
					"DEBUG=1",
					"$(inherited)",
				);
				GCC_WARN_64_TO_32_BIT_CONVERSION = YES;
				GCC_WARN_ABOUT_RETURN_TYPE = YES_ERROR;
				GCC_WARN_UNDECLARED_SELECTOR = YES;
				GCC_WARN_UNINITIALIZED_AUTOS = YES_AGGRESSIVE;
				GCC_WARN_UNUSED_FUNCTION = YES;
				GCC_WARN_UNUSED_VARIABLE = YES;
				IPHONEOS_DEPLOYMENT_TARGET = 16.2;
				MTL_ENABLE_DEBUG_INFO = INCLUDE_SOURCE;
				MTL_FAST_MATH = YES;
				ONLY_ACTIVE_ARCH = YES;
				SDKROOT = iphoneos;
				SWIFT_ACTIVE_COMPILATION_CONDITIONS = DEBUG;
				SWIFT_OPTIMIZATION_LEVEL = "-Onone";
			};
			name = Debug;
		};
		4BD4BB7329A5A96200A1373F /* Release */ = {
			isa = XCBuildConfiguration;
			buildSettings = {
				ALWAYS_SEARCH_USER_PATHS = NO;
				CLANG_ANALYZER_NONNULL = YES;
				CLANG_ANALYZER_NUMBER_OBJECT_CONVERSION = YES_AGGRESSIVE;
				CLANG_CXX_LANGUAGE_STANDARD = "gnu++20";
				CLANG_ENABLE_MODULES = YES;
				CLANG_ENABLE_OBJC_ARC = YES;
				CLANG_ENABLE_OBJC_WEAK = YES;
				CLANG_WARN_BLOCK_CAPTURE_AUTORELEASING = YES;
				CLANG_WARN_BOOL_CONVERSION = YES;
				CLANG_WARN_COMMA = YES;
				CLANG_WARN_CONSTANT_CONVERSION = YES;
				CLANG_WARN_DEPRECATED_OBJC_IMPLEMENTATIONS = YES;
				CLANG_WARN_DIRECT_OBJC_ISA_USAGE = YES_ERROR;
				CLANG_WARN_DOCUMENTATION_COMMENTS = YES;
				CLANG_WARN_EMPTY_BODY = YES;
				CLANG_WARN_ENUM_CONVERSION = YES;
				CLANG_WARN_INFINITE_RECURSION = YES;
				CLANG_WARN_INT_CONVERSION = YES;
				CLANG_WARN_NON_LITERAL_NULL_CONVERSION = YES;
				CLANG_WARN_OBJC_IMPLICIT_RETAIN_SELF = YES;
				CLANG_WARN_OBJC_LITERAL_CONVERSION = YES;
				CLANG_WARN_OBJC_ROOT_CLASS = YES_ERROR;
				CLANG_WARN_QUOTED_INCLUDE_IN_FRAMEWORK_HEADER = YES;
				CLANG_WARN_RANGE_LOOP_ANALYSIS = YES;
				CLANG_WARN_STRICT_PROTOTYPES = YES;
				CLANG_WARN_SUSPICIOUS_MOVE = YES;
				CLANG_WARN_UNGUARDED_AVAILABILITY = YES_AGGRESSIVE;
				CLANG_WARN_UNREACHABLE_CODE = YES;
				CLANG_WARN__DUPLICATE_METHOD_MATCH = YES;
				COPY_PHASE_STRIP = NO;
				DEBUG_INFORMATION_FORMAT = "dwarf-with-dsym";
				ENABLE_NS_ASSERTIONS = NO;
				ENABLE_STRICT_OBJC_MSGSEND = YES;
				GCC_C_LANGUAGE_STANDARD = gnu11;
				GCC_NO_COMMON_BLOCKS = YES;
				GCC_WARN_64_TO_32_BIT_CONVERSION = YES;
				GCC_WARN_ABOUT_RETURN_TYPE = YES_ERROR;
				GCC_WARN_UNDECLARED_SELECTOR = YES;
				GCC_WARN_UNINITIALIZED_AUTOS = YES_AGGRESSIVE;
				GCC_WARN_UNUSED_FUNCTION = YES;
				GCC_WARN_UNUSED_VARIABLE = YES;
				IPHONEOS_DEPLOYMENT_TARGET = 16.2;
				MTL_ENABLE_DEBUG_INFO = NO;
				MTL_FAST_MATH = YES;
				SDKROOT = iphoneos;
				SWIFT_COMPILATION_MODE = wholemodule;
				SWIFT_OPTIMIZATION_LEVEL = "-O";
				VALIDATE_PRODUCT = YES;
			};
			name = Release;
		};
		4BD4BB7529A5A96200A1373F /* Debug */ = {
			isa = XCBuildConfiguration;
			baseConfigurationReference = 31B79360CAA03FF3FAED1915 /* Pods-Organization.debug.xcconfig */;
			buildSettings = {
				ASSETCATALOG_COMPILER_APPICON_NAME = AppIcon;
				ASSETCATALOG_COMPILER_GLOBAL_ACCENT_COLOR_NAME = AccentColor;
				CODE_SIGN_STYLE = Automatic;
				CURRENT_PROJECT_VERSION = 1;
				DEVELOPMENT_TEAM = 38437W4ZU8;
				GENERATE_INFOPLIST_FILE = YES;
				INFOPLIST_FILE = Organization/Info.plist;
				INFOPLIST_KEY_UIApplicationSupportsIndirectInputEvents = YES;
				INFOPLIST_KEY_UILaunchStoryboardName = LaunchScreen;
				INFOPLIST_KEY_UIMainStoryboardFile = Main;
				INFOPLIST_KEY_UISupportedInterfaceOrientations_iPad = "UIInterfaceOrientationPortrait UIInterfaceOrientationPortraitUpsideDown UIInterfaceOrientationLandscapeLeft UIInterfaceOrientationLandscapeRight";
				INFOPLIST_KEY_UISupportedInterfaceOrientations_iPhone = "UIInterfaceOrientationPortrait UIInterfaceOrientationLandscapeLeft UIInterfaceOrientationLandscapeRight";
				LD_RUNPATH_SEARCH_PATHS = (
					"$(inherited)",
					"@executable_path/Frameworks",
				);
				MARKETING_VERSION = 1.0;
				PRODUCT_BUNDLE_IDENTIFIER = com.mikhael.palador.test.Organization;
				PRODUCT_NAME = "$(TARGET_NAME)";
				SWIFT_EMIT_LOC_STRINGS = YES;
				SWIFT_VERSION = 5.0;
				TARGETED_DEVICE_FAMILY = "1,2";
			};
			name = Debug;
		};
		4BD4BB7629A5A96200A1373F /* Release */ = {
			isa = XCBuildConfiguration;
			baseConfigurationReference = 0DC8ED837EF7E64698F5C4A7 /* Pods-Organization.release.xcconfig */;
			buildSettings = {
				ASSETCATALOG_COMPILER_APPICON_NAME = AppIcon;
				ASSETCATALOG_COMPILER_GLOBAL_ACCENT_COLOR_NAME = AccentColor;
				CODE_SIGN_STYLE = Automatic;
				CURRENT_PROJECT_VERSION = 1;
				DEVELOPMENT_TEAM = 38437W4ZU8;
				GENERATE_INFOPLIST_FILE = YES;
				INFOPLIST_FILE = Organization/Info.plist;
				INFOPLIST_KEY_UIApplicationSupportsIndirectInputEvents = YES;
				INFOPLIST_KEY_UILaunchStoryboardName = LaunchScreen;
				INFOPLIST_KEY_UIMainStoryboardFile = Main;
				INFOPLIST_KEY_UISupportedInterfaceOrientations_iPad = "UIInterfaceOrientationPortrait UIInterfaceOrientationPortraitUpsideDown UIInterfaceOrientationLandscapeLeft UIInterfaceOrientationLandscapeRight";
				INFOPLIST_KEY_UISupportedInterfaceOrientations_iPhone = "UIInterfaceOrientationPortrait UIInterfaceOrientationLandscapeLeft UIInterfaceOrientationLandscapeRight";
				LD_RUNPATH_SEARCH_PATHS = (
					"$(inherited)",
					"@executable_path/Frameworks",
				);
				MARKETING_VERSION = 1.0;
				PRODUCT_BUNDLE_IDENTIFIER = com.mikhael.palador.test.Organization;
				PRODUCT_NAME = "$(TARGET_NAME)";
				SWIFT_EMIT_LOC_STRINGS = YES;
				SWIFT_VERSION = 5.0;
				TARGETED_DEVICE_FAMILY = "1,2";
			};
			name = Release;
		};
/* End XCBuildConfiguration section */

/* Begin XCConfigurationList section */
		4BD4BB5B29A5A96100A1373F /* Build configuration list for PBXProject "Organization" */ = {
			isa = XCConfigurationList;
			buildConfigurations = (
				4BD4BB7229A5A96200A1373F /* Debug */,
				4BD4BB7329A5A96200A1373F /* Release */,
			);
			defaultConfigurationIsVisible = 0;
			defaultConfigurationName = Release;
		};
		4BD4BB7429A5A96200A1373F /* Build configuration list for PBXNativeTarget "Organization" */ = {
			isa = XCConfigurationList;
			buildConfigurations = (
				4BD4BB7529A5A96200A1373F /* Debug */,
				4BD4BB7629A5A96200A1373F /* Release */,
			);
			defaultConfigurationIsVisible = 0;
			defaultConfigurationName = Release;
		};
/* End XCConfigurationList section */
	};
	rootObject = 4BD4BB5829A5A96100A1373F /* Project object */;
}
